
Microsoft Visual Studio Solution File, Format Version 12.00
# Visual Studio 2013
VisualStudioVersion = 12.0.40629.0
MinimumVisualStudioVersion = 10.0.40219.1
Project("{FAE04EC0-301F-11D3-BF4B-00C04F79EFBC}") = "CIDemo", "CIDemo\CIDemo.csproj", "{ECF56342-6216-4E47-B644-EB51E72E58BF}"
EndProject
Project("{FAE04EC0-301F-11D3-BF4B-00C04F79EFBC}") = "CIDemo.Tests", "CIDemo.Tests\CIDemo.Tests.csproj", "{46B7B3B2-87C6-45AC-9D75-9D1D3F77D6F1}"
EndProject
Project("{2150E333-8FDC-42A3-9474-1A3956D46DE8}") = "Build", "Build", "{A1A2221F-4893-4880-A9EE-A5CA322C6236}"
	ProjectSection(SolutionItems) = preProject
		..\Build\build.xml = ..\Build\build.xml
	EndProjectSection
EndProject
Global
	GlobalSection(SolutionConfigurationPlatforms) = preSolution
		Debug|Any CPU = Debug|Any CPU
		Release|Any CPU = Release|Any CPU
	EndGlobalSection
	GlobalSection(ProjectConfigurationPlatforms) = postSolution
		{ECF56342-6216-4E47-B644-EB51E72E58BF}.Debug|Any CPU.ActiveCfg = Debug|Any CPU
		{ECF56342-6216-4E47-B644-EB51E72E58BF}.Debug|Any CPU.Build.0 = Debug|Any CPU
		{ECF56342-6216-4E47-B644-EB51E72E58BF}.Release|Any CPU.ActiveCfg = Release|Any CPU
		{ECF56342-6216-4E47-B644-EB51E72E58BF}.Release|Any CPU.Build.0 = Release|Any CPU
		{46B7B3B2-87C6-45AC-9D75-9D1D3F77D6F1}.Debug|Any CPU.ActiveCfg = Debug|Any CPU
		{46B7B3B2-87C6-45AC-9D75-9D1D3F77D6F1}.Debug|Any CPU.Build.0 = Debug|Any CPU
		{46B7B3B2-87C6-45AC-9D75-9D1D3F77D6F1}.Release|Any CPU.ActiveCfg = Release|Any CPU
		{46B7B3B2-87C6-45AC-9D75-9D1D3F77D6F1}.Release|Any CPU.Build.0 = Release|Any CPU
	EndGlobalSection
	GlobalSection(SolutionProperties) = preSolution
		HideSolutionNode = FALSE
	EndGlobalSection
EndGlobal
